
Microsoft Visual Studio Solution File, Format Version 12.00
# Visual Studio Version 17
VisualStudioVersion = 17.3.32804.467
MinimumVisualStudioVersion = 10.0.40219.1
Project("{9A19103F-16F7-4668-BE54-9A1E7A4F7556}") = "ASP.NET Core con React", "ASP.NET Core con React.csproj", "{6A60968F-C7E4-49A2-8ED3-ED445253F571}"
EndProject
Project("{9A19103F-16F7-4668-BE54-9A1E7A4F7556}") = "AccesoDatos", "..\AccesoDatos\AccesoDatos.csproj", "{381A48B1-DFCF-4FC6-894B-4E510F17A537}"
EndProject
Project("{9A19103F-16F7-4668-BE54-9A1E7A4F7556}") = "Modelo", "..\Modelo\Modelo.csproj", "{949E6C05-DB53-4A9F-AC9B-1A1229DBD3A6}"
EndProject
Global
	GlobalSection(SolutionConfigurationPlatforms) = preSolution
		Debug|Any CPU = Debug|Any CPU
		Release|Any CPU = Release|Any CPU
	EndGlobalSection
	GlobalSection(ProjectConfigurationPlatforms) = postSolution
		{6A60968F-C7E4-49A2-8ED3-ED445253F571}.Debug|Any CPU.ActiveCfg = Debug|Any CPU
		{6A60968F-C7E4-49A2-8ED3-ED445253F571}.Debug|Any CPU.Build.0 = Debug|Any CPU
		{6A60968F-C7E4-49A2-8ED3-ED445253F571}.Release|Any CPU.ActiveCfg = Release|Any CPU
		{6A60968F-C7E4-49A2-8ED3-ED445253F571}.Release|Any CPU.Build.0 = Release|Any CPU
		{381A48B1-DFCF-4FC6-894B-4E510F17A537}.Debug|Any CPU.ActiveCfg = Debug|Any CPU
		{381A48B1-DFCF-4FC6-894B-4E510F17A537}.Debug|Any CPU.Build.0 = Debug|Any CPU
		{381A48B1-DFCF-4FC6-894B-4E510F17A537}.Release|Any CPU.ActiveCfg = Release|Any CPU
		{381A48B1-DFCF-4FC6-894B-4E510F17A537}.Release|Any CPU.Build.0 = Release|Any CPU
		{949E6C05-DB53-4A9F-AC9B-1A1229DBD3A6}.Debug|Any CPU.ActiveCfg = Debug|Any CPU
		{949E6C05-DB53-4A9F-AC9B-1A1229DBD3A6}.Debug|Any CPU.Build.0 = Debug|Any CPU
		{949E6C05-DB53-4A9F-AC9B-1A1229DBD3A6}.Release|Any CPU.ActiveCfg = Release|Any CPU
		{949E6C05-DB53-4A9F-AC9B-1A1229DBD3A6}.Release|Any CPU.Build.0 = Release|Any CPU
	EndGlobalSection
	GlobalSection(SolutionProperties) = preSolution
		HideSolutionNode = FALSE
	EndGlobalSection
	GlobalSection(ExtensibilityGlobals) = postSolution
		SolutionGuid = {92D3DECC-6BBA-4553-95CA-1A34711B2352}
	EndGlobalSection
EndGlobal
